
Microsoft Visual Studio Solution File, Format Version 11.00
# Visual Studio 2010
Project("{FAE04EC0-301F-11D3-BF4B-00C04F79EFBC}") = "HttpClientCode", "HttpClientCode\HttpClientCode.csproj", "{FA93405F-9779-4CA6-B02B-79B70C5372D9}"
EndProject
Global
	GlobalSection(SolutionConfigurationPlatforms) = preSolution
		Debug|Any CPU = Debug|Any CPU
		Release|Any CPU = Release|Any CPU
	EndGlobalSection
	GlobalSection(ProjectConfigurationPlatforms) = postSolution
		{FA93405F-9779-4CA6-B02B-79B70C5372D9}.Debug|Any CPU.ActiveCfg = Debug|Any CPU
		{FA93405F-9779-4CA6-B02B-79B70C5372D9}.Debug|Any CPU.Build.0 = Debug|Any CPU
		{FA93405F-9779-4CA6-B02B-79B70C5372D9}.Release|Any CPU.ActiveCfg = Release|Any CPU
		{FA93405F-9779-4CA6-B02B-79B70C5372D9}.Release|Any CPU.Build.0 = Release|Any CPU
	EndGlobalSection
	GlobalSection(SolutionProperties) = preSolution
		HideSolutionNode = FALSE
	EndGlobalSection
EndGlobal
